{
  "name": "PassGenerator",
  "lockfileVersion": 3,
  "requires": true,
  "packages": {
    "": {
      "dependencies": {
        "check-password-strength": "^2.0.10"
      }
    },
    "node_modules/check-password-strength": {
      "version": "2.0.10",
      "resolved": "https://registry.npmjs.org/check-password-strength/-/check-password-strength-2.0.10.tgz",
      "integrity": "sha512-HRM5ICPmtnNtLnTv2QrfVkq1IxI9z3bzYpDJ1k5ixwD9HtJGHuv265R6JmHOV6r8wLhQMlULnIUVpkrC2yaiCw=="
    }
  }
}
